
Microsoft Visual Studio Solution File, Format Version 12.00
# Visual Studio 15
VisualStudioVersion = 15.0.28010.2026
MinimumVisualStudioVersion = 10.0.40219.1
Project("{FAE04EC0-301F-11D3-BF4B-00C04F79EFBC}") = "simpleCalculator.Android", "simpleCalculator\simpleCalculator.Android\simpleCalculator.Android.csproj", "{E477403D-5E85-432C-A2AA-6B93B7CE559D}"
EndProject
Project("{FAE04EC0-301F-11D3-BF4B-00C04F79EFBC}") = "simpleCalculator.iOS", "simpleCalculator\simpleCalculator.iOS\simpleCalculator.iOS.csproj", "{6BC65969-50B2-40F1-B585-3521B6A8E83F}"
EndProject
Project("{FAE04EC0-301F-11D3-BF4B-00C04F79EFBC}") = "simpleCalculator.UWP", "simpleCalculator\simpleCalculator.UWP\simpleCalculator.UWP.csproj", "{340197E1-F199-471C-A246-5572BC9C2833}"
EndProject
Project("{9A19103F-16F7-4668-BE54-9A1E7A4F7556}") = "simpleCalculator", "simpleCalculator\simpleCalculator\simpleCalculator.csproj", "{2480146D-1A72-4A3A-9F12-F4FA2527C62D}"
EndProject
Global
	GlobalSection(SolutionConfigurationPlatforms) = preSolution
		Ad-Hoc|Any CPU = Ad-Hoc|Any CPU
		Ad-Hoc|ARM = Ad-Hoc|ARM
		Ad-Hoc|iPhone = Ad-Hoc|iPhone
		Ad-Hoc|iPhoneSimulator = Ad-Hoc|iPhoneSimulator
		Ad-Hoc|x64 = Ad-Hoc|x64
		Ad-Hoc|x86 = Ad-Hoc|x86
		AppStore|Any CPU = AppStore|Any CPU
		AppStore|ARM = AppStore|ARM
		AppStore|iPhone = AppStore|iPhone
		AppStore|iPhoneSimulator = AppStore|iPhoneSimulator
		AppStore|x64 = AppStore|x64
		AppStore|x86 = AppStore|x86
		Debug|Any CPU = Debug|Any CPU
		Debug|ARM = Debug|ARM
		Debug|iPhone = Debug|iPhone
		Debug|iPhoneSimulator = Debug|iPhoneSimulator
		Debug|x64 = Debug|x64
		Debug|x86 = Debug|x86
		Release|Any CPU = Release|Any CPU
		Release|ARM = Release|ARM
		Release|iPhone = Release|iPhone
		Release|iPhoneSimulator = Release|iPhoneSimulator
		Release|x64 = Release|x64
		Release|x86 = Release|x86
	EndGlobalSection
	GlobalSection(ProjectConfigurationPlatforms) = postSolution
		{E477403D-5E85-432C-A2AA-6B93B7CE559D}.Ad-Hoc|Any CPU.ActiveCfg = Release|Any CPU
		{E477403D-5E85-432C-A2AA-6B93B7CE559D}.Ad-Hoc|Any CPU.Build.0 = Release|Any CPU
		{E477403D-5E85-432C-A2AA-6B93B7CE559D}.Ad-Hoc|Any CPU.Deploy.0 = Release|Any CPU
		{E477403D-5E85-432C-A2AA-6B93B7CE559D}.Ad-Hoc|ARM.ActiveCfg = Release|Any CPU
		{E477403D-5E85-432C-A2AA-6B93B7CE559D}.Ad-Hoc|ARM.Build.0 = Release|Any CPU
		{E477403D-5E85-432C-A2AA-6B93B7CE559D}.Ad-Hoc|ARM.Deploy.0 = Release|Any CPU
		{E477403D-5E85-432C-A2AA-6B93B7CE559D}.Ad-Hoc|iPhone.ActiveCfg = Release|Any CPU
		{E477403D-5E85-432C-A2AA-6B93B7CE559D}.Ad-Hoc|iPhone.Build.0 = Release|Any CPU
		{E477403D-5E85-432C-A2AA-6B93B7CE559D}.Ad-Hoc|iPhone.Deploy.0 = Release|Any CPU
		{E477403D-5E85-432C-A2AA-6B93B7CE559D}.Ad-Hoc|iPhoneSimulator.ActiveCfg = Release|Any CPU
		{E477403D-5E85-432C-A2AA-6B93B7CE559D}.Ad-Hoc|iPhoneSimulator.Build.0 = Release|Any CPU
		{E477403D-5E85-432C-A2AA-6B93B7CE559D}.Ad-Hoc|iPhoneSimulator.Deploy.0 = Release|Any CPU
		{E477403D-5E85-432C-A2AA-6B93B7CE559D}.Ad-Hoc|x64.ActiveCfg = Release|Any CPU
		{E477403D-5E85-432C-A2AA-6B93B7CE559D}.Ad-Hoc|x64.Build.0 = Release|Any CPU
		{E477403D-5E85-432C-A2AA-6B93B7CE559D}.Ad-Hoc|x64.Deploy.0 = Release|Any CPU
		{E477403D-5E85-432C-A2AA-6B93B7CE559D}.Ad-Hoc|x86.ActiveCfg = Release|Any CPU
		{E477403D-5E85-432C-A2AA-6B93B7CE559D}.Ad-Hoc|x86.Build.0 = Release|Any CPU
		{E477403D-5E85-432C-A2AA-6B93B7CE559D}.Ad-Hoc|x86.Deploy.0 = Release|Any CPU
		{E477403D-5E85-432C-A2AA-6B93B7CE559D}.AppStore|Any CPU.ActiveCfg = Release|Any CPU
		{E477403D-5E85-432C-A2AA-6B93B7CE559D}.AppStore|Any CPU.Build.0 = Release|Any CPU
		{E477403D-5E85-432C-A2AA-6B93B7CE559D}.AppStore|Any CPU.Deploy.0 = Release|Any CPU
		{E477403D-5E85-432C-A2AA-6B93B7CE559D}.AppStore|ARM.ActiveCfg = Release|Any CPU
		{E477403D-5E85-432C-A2AA-6B93B7CE559D}.AppStore|ARM.Build.0 = Release|Any CPU
		{E477403D-5E85-432C-A2AA-6B93B7CE559D}.AppStore|ARM.Deploy.0 = Release|Any CPU
		{E477403D-5E85-432C-A2AA-6B93B7CE559D}.AppStore|iPhone.ActiveCfg = Release|Any CPU
		{E477403D-5E85-432C-A2AA-6B93B7CE559D}.AppStore|iPhone.Build.0 = Release|Any CPU
		{E477403D-5E85-432C-A2AA-6B93B7CE559D}.AppStore|iPhone.Deploy.0 = Release|Any CPU
		{E477403D-5E85-432C-A2AA-6B93B7CE559D}.AppStore|iPhoneSimulator.ActiveCfg = Release|Any CPU
		{E477403D-5E85-432C-A2AA-6B93B7CE559D}.AppStore|iPhoneSimulator.Build.0 = Release|Any CPU
		{E477403D-5E85-432C-A2AA-6B93B7CE559D}.AppStore|iPhoneSimulator.Deploy.0 = Release|Any CPU
		{E477403D-5E85-432C-A2AA-6B93B7CE559D}.AppStore|x64.ActiveCfg = Release|Any CPU
		{E477403D-5E85-432C-A2AA-6B93B7CE559D}.AppStore|x64.Build.0 = Release|Any CPU
		{E477403D-5E85-432C-A2AA-6B93B7CE559D}.AppStore|x64.Deploy.0 = Release|Any CPU
		{E477403D-5E85-432C-A2AA-6B93B7CE559D}.AppStore|x86.ActiveCfg = Release|Any CPU
		{E477403D-5E85-432C-A2AA-6B93B7CE559D}.AppStore|x86.Build.0 = Release|Any CPU
		{E477403D-5E85-432C-A2AA-6B93B7CE559D}.AppStore|x86.Deploy.0 = Release|Any CPU
		{E477403D-5E85-432C-A2AA-6B93B7CE559D}.Debug|Any CPU.ActiveCfg = Debug|Any CPU
		{E477403D-5E85-432C-A2AA-6B93B7CE559D}.Debug|Any CPU.Build.0 = Debug|Any CPU
		{E477403D-5E85-432C-A2AA-6B93B7CE559D}.Debug|Any CPU.Deploy.0 = Debug|Any CPU
		{E477403D-5E85-432C-A2AA-6B93B7CE559D}.Debug|ARM.ActiveCfg = Debug|Any CPU
		{E477403D-5E85-432C-A2AA-6B93B7CE559D}.Debug|ARM.Build.0 = Debug|Any CPU
		{E477403D-5E85-432C-A2AA-6B93B7CE559D}.Debug|ARM.Deploy.0 = Debug|Any CPU
		{E477403D-5E85-432C-A2AA-6B93B7CE559D}.Debug|iPhone.ActiveCfg = Debug|Any CPU
		{E477403D-5E85-432C-A2AA-6B93B7CE559D}.Debug|iPhone.Build.0 = Debug|Any CPU
		{E477403D-5E85-432C-A2AA-6B93B7CE559D}.Debug|iPhone.Deploy.0 = Debug|Any CPU
		{E477403D-5E85-432C-A2AA-6B93B7CE559D}.Debug|iPhoneSimulator.ActiveCfg = Debug|Any CPU
		{E477403D-5E85-432C-A2AA-6B93B7CE559D}.Debug|iPhoneSimulator.Build.0 = Debug|Any CPU
		{E477403D-5E85-432C-A2AA-6B93B7CE559D}.Debug|iPhoneSimulator.Deploy.0 = Debug|Any CPU
		{E477403D-5E85-432C-A2AA-6B93B7CE559D}.Debug|x64.ActiveCfg = Debug|Any CPU
		{E477403D-5E85-432C-A2AA-6B93B7CE559D}.Debug|x64.Build.0 = Debug|Any CPU
		{E477403D-5E85-432C-A2AA-6B93B7CE559D}.Debug|x64.Deploy.0 = Debug|Any CPU
		{E477403D-5E85-432C-A2AA-6B93B7CE559D}.Debug|x86.ActiveCfg = Debug|Any CPU
		{E477403D-5E85-432C-A2AA-6B93B7CE559D}.Debug|x86.Build.0 = Debug|Any CPU
		{E477403D-5E85-432C-A2AA-6B93B7CE559D}.Debug|x86.Deploy.0 = Debug|Any CPU
		{E477403D-5E85-432C-A2AA-6B93B7CE559D}.Release|Any CPU.ActiveCfg = Release|Any CPU
		{E477403D-5E85-432C-A2AA-6B93B7CE559D}.Release|Any CPU.Build.0 = Release|Any CPU
		{E477403D-5E85-432C-A2AA-6B93B7CE559D}.Release|Any CPU.Deploy.0 = Release|Any CPU
		{E477403D-5E85-432C-A2AA-6B93B7CE559D}.Release|ARM.ActiveCfg = Release|Any CPU
		{E477403D-5E85-432C-A2AA-6B93B7CE559D}.Release|ARM.Build.0 = Release|Any CPU
		{E477403D-5E85-432C-A2AA-6B93B7CE559D}.Release|ARM.Deploy.0 = Release|Any CPU
		{E477403D-5E85-432C-A2AA-6B93B7CE559D}.Release|iPhone.ActiveCfg = Release|Any CPU
		{E477403D-5E85-432C-A2AA-6B93B7CE559D}.Release|iPhone.Build.0 = Release|Any CPU
		{E477403D-5E85-432C-A2AA-6B93B7CE559D}.Release|iPhone.Deploy.0 = Release|Any CPU
		{E477403D-5E85-432C-A2AA-6B93B7CE559D}.Release|iPhoneSimulator.ActiveCfg = Release|Any CPU
		{E477403D-5E85-432C-A2AA-6B93B7CE559D}.Release|iPhoneSimulator.Build.0 = Release|Any CPU
		{E477403D-5E85-432C-A2AA-6B93B7CE559D}.Release|iPhoneSimulator.Deploy.0 = Release|Any CPU
		{E477403D-5E85-432C-A2AA-6B93B7CE559D}.Release|x64.ActiveCfg = Release|Any CPU
		{E477403D-5E85-432C-A2AA-6B93B7CE559D}.Release|x64.Build.0 = Release|Any CPU
		{E477403D-5E85-432C-A2AA-6B93B7CE559D}.Release|x64.Deploy.0 = Release|Any CPU
		{E477403D-5E85-432C-A2AA-6B93B7CE559D}.Release|x86.ActiveCfg = Release|Any CPU
		{E477403D-5E85-432C-A2AA-6B93B7CE559D}.Release|x86.Build.0 = Release|Any CPU
		{E477403D-5E85-432C-A2AA-6B93B7CE559D}.Release|x86.Deploy.0 = Release|Any CPU
		{6BC65969-50B2-40F1-B585-3521B6A8E83F}.Ad-Hoc|Any CPU.ActiveCfg = Ad-Hoc|iPhone
		{6BC65969-50B2-40F1-B585-3521B6A8E83F}.Ad-Hoc|Any CPU.Build.0 = Ad-Hoc|iPhone
		{6BC65969-50B2-40F1-B585-3521B6A8E83F}.Ad-Hoc|Any CPU.Deploy.0 = Ad-Hoc|iPhone
		{6BC65969-50B2-40F1-B585-3521B6A8E83F}.Ad-Hoc|ARM.ActiveCfg = Ad-Hoc|iPhone
		{6BC65969-50B2-40F1-B585-3521B6A8E83F}.Ad-Hoc|ARM.Build.0 = Ad-Hoc|iPhone
		{6BC65969-50B2-40F1-B585-3521B6A8E83F}.Ad-Hoc|ARM.Deploy.0 = Ad-Hoc|iPhone
		{6BC65969-50B2-40F1-B585-3521B6A8E83F}.Ad-Hoc|iPhone.ActiveCfg = Ad-Hoc|iPhone
		{6BC65969-50B2-40F1-B585-3521B6A8E83F}.Ad-Hoc|iPhone.Build.0 = Ad-Hoc|iPhone
		{6BC65969-50B2-40F1-B585-3521B6A8E83F}.Ad-Hoc|iPhone.Deploy.0 = Ad-Hoc|iPhone
		{6BC65969-50B2-40F1-B585-3521B6A8E83F}.Ad-Hoc|iPhoneSimulator.ActiveCfg = Ad-Hoc|iPhoneSimulator
		{6BC65969-50B2-40F1-B585-3521B6A8E83F}.Ad-Hoc|iPhoneSimulator.Build.0 = Ad-Hoc|iPhoneSimulator
		{6BC65969-50B2-40F1-B585-3521B6A8E83F}.Ad-Hoc|iPhoneSimulator.Deploy.0 = Ad-Hoc|iPhoneSimulator
		{6BC65969-50B2-40F1-B585-3521B6A8E83F}.Ad-Hoc|x64.ActiveCfg = Ad-Hoc|iPhone
		{6BC65969-50B2-40F1-B585-3521B6A8E83F}.Ad-Hoc|x64.Build.0 = Ad-Hoc|iPhone
		{6BC65969-50B2-40F1-B585-3521B6A8E83F}.Ad-Hoc|x64.Deploy.0 = Ad-Hoc|iPhone
		{6BC65969-50B2-40F1-B585-3521B6A8E83F}.Ad-Hoc|x86.ActiveCfg = Ad-Hoc|iPhone
		{6BC65969-50B2-40F1-B585-3521B6A8E83F}.Ad-Hoc|x86.Build.0 = Ad-Hoc|iPhone
		{6BC65969-50B2-40F1-B585-3521B6A8E83F}.Ad-Hoc|x86.Deploy.0 = Ad-Hoc|iPhone
		{6BC65969-50B2-40F1-B585-3521B6A8E83F}.AppStore|Any CPU.ActiveCfg = AppStore|iPhone
		{6BC65969-50B2-40F1-B585-3521B6A8E83F}.AppStore|Any CPU.Build.0 = AppStore|iPhone
		{6BC65969-50B2-40F1-B585-3521B6A8E83F}.AppStore|Any CPU.Deploy.0 = AppStore|iPhone
		{6BC65969-50B2-40F1-B585-3521B6A8E83F}.AppStore|ARM.ActiveCfg = AppStore|iPhone
		{6BC65969-50B2-40F1-B585-3521B6A8E83F}.AppStore|ARM.Build.0 = AppStore|iPhone
		{6BC65969-50B2-40F1-B585-3521B6A8E83F}.AppStore|ARM.Deploy.0 = AppStore|iPhone
		{6BC65969-50B2-40F1-B585-3521B6A8E83F}.AppStore|iPhone.ActiveCfg = AppStore|iPhone
		{6BC65969-50B2-40F1-B585-3521B6A8E83F}.AppStore|iPhone.Build.0 = AppStore|iPhone
		{6BC65969-50B2-40F1-B585-3521B6A8E83F}.AppStore|iPhone.Deploy.0 = AppStore|iPhone
		{6BC65969-50B2-40F1-B585-3521B6A8E83F}.AppStore|iPhoneSimulator.ActiveCfg = AppStore|iPhoneSimulator
		{6BC65969-50B2-40F1-B585-3521B6A8E83F}.AppStore|iPhoneSimulator.Build.0 = AppStore|iPhoneSimulator
		{6BC65969-50B2-40F1-B585-3521B6A8E83F}.AppStore|iPhoneSimulator.Deploy.0 = AppStore|iPhoneSimulator
		{6BC65969-50B2-40F1-B585-3521B6A8E83F}.AppStore|x64.ActiveCfg = AppStore|iPhone
		{6BC65969-50B2-40F1-B585-3521B6A8E83F}.AppStore|x64.Build.0 = AppStore|iPhone
		{6BC65969-50B2-40F1-B585-3521B6A8E83F}.AppStore|x64.Deploy.0 = AppStore|iPhone
		{6BC65969-50B2-40F1-B585-3521B6A8E83F}.AppStore|x86.ActiveCfg = AppStore|iPhone
		{6BC65969-50B2-40F1-B585-3521B6A8E83F}.AppStore|x86.Build.0 = AppStore|iPhone
		{6BC65969-50B2-40F1-B585-3521B6A8E83F}.AppStore|x86.Deploy.0 = AppStore|iPhone
		{6BC65969-50B2-40F1-B585-3521B6A8E83F}.Debug|Any CPU.ActiveCfg = Debug|iPhoneSimulator
		{6BC65969-50B2-40F1-B585-3521B6A8E83F}.Debug|Any CPU.Build.0 = Debug|iPhoneSimulator
		{6BC65969-50B2-40F1-B585-3521B6A8E83F}.Debug|Any CPU.Deploy.0 = Debug|iPhoneSimulator
		{6BC65969-50B2-40F1-B585-3521B6A8E83F}.Debug|ARM.ActiveCfg = Debug|iPhone
		{6BC65969-50B2-40F1-B585-3521B6A8E83F}.Debug|ARM.Build.0 = Debug|iPhone
		{6BC65969-50B2-40F1-B585-3521B6A8E83F}.Debug|ARM.Deploy.0 = Debug|iPhone
		{6BC65969-50B2-40F1-B585-3521B6A8E83F}.Debug|iPhone.ActiveCfg = Debug|iPhone
		{6BC65969-50B2-40F1-B585-3521B6A8E83F}.Debug|iPhone.Build.0 = Debug|iPhone
		{6BC65969-50B2-40F1-B585-3521B6A8E83F}.Debug|iPhone.Deploy.0 = Debug|iPhone
		{6BC65969-50B2-40F1-B585-3521B6A8E83F}.Debug|iPhoneSimulator.ActiveCfg = Debug|iPhoneSimulator
		{6BC65969-50B2-40F1-B585-3521B6A8E83F}.Debug|iPhoneSimulator.Build.0 = Debug|iPhoneSimulator
		{6BC65969-50B2-40F1-B585-3521B6A8E83F}.Debug|iPhoneSimulator.Deploy.0 = Debug|iPhoneSimulator
		{6BC65969-50B2-40F1-B585-3521B6A8E83F}.Debug|x64.ActiveCfg = Debug|iPhone
		{6BC65969-50B2-40F1-B585-3521B6A8E83F}.Debug|x64.Build.0 = Debug|iPhone
		{6BC65969-50B2-40F1-B585-3521B6A8E83F}.Debug|x64.Deploy.0 = Debug|iPhone
		{6BC65969-50B2-40F1-B585-3521B6A8E83F}.Debug|x86.ActiveCfg = Debug|iPhone
		{6BC65969-50B2-40F1-B585-3521B6A8E83F}.Debug|x86.Build.0 = Debug|iPhone
		{6BC65969-50B2-40F1-B585-3521B6A8E83F}.Debug|x86.Deploy.0 = Debug|iPhone
		{6BC65969-50B2-40F1-B585-3521B6A8E83F}.Release|Any CPU.ActiveCfg = Release|iPhone
		{6BC65969-50B2-40F1-B585-3521B6A8E83F}.Release|Any CPU.Build.0 = Release|iPhone
		{6BC65969-50B2-40F1-B585-3521B6A8E83F}.Release|Any CPU.Deploy.0 = Release|iPhone
		{6BC65969-50B2-40F1-B585-3521B6A8E83F}.Release|ARM.ActiveCfg = Release|iPhone
		{6BC65969-50B2-40F1-B585-3521B6A8E83F}.Release|ARM.Build.0 = Release|iPhone
		{6BC65969-50B2-40F1-B585-3521B6A8E83F}.Release|ARM.Deploy.0 = Release|iPhone
		{6BC65969-50B2-40F1-B585-3521B6A8E83F}.Release|iPhone.ActiveCfg = Release|iPhone
		{6BC65969-50B2-40F1-B585-3521B6A8E83F}.Release|iPhone.Build.0 = Release|iPhone
		{6BC65969-50B2-40F1-B585-3521B6A8E83F}.Release|iPhone.Deploy.0 = Release|iPhone
		{6BC65969-50B2-40F1-B585-3521B6A8E83F}.Release|iPhoneSimulator.ActiveCfg = Release|iPhoneSimulator
		{6BC65969-50B2-40F1-B585-3521B6A8E83F}.Release|iPhoneSimulator.Build.0 = Release|iPhoneSimulator
		{6BC65969-50B2-40F1-B585-3521B6A8E83F}.Release|iPhoneSimulator.Deploy.0 = Release|iPhoneSimulator
		{6BC65969-50B2-40F1-B585-3521B6A8E83F}.Release|x64.ActiveCfg = Release|iPhone
		{6BC65969-50B2-40F1-B585-3521B6A8E83F}.Release|x64.Build.0 = Release|iPhone
		{6BC65969-50B2-40F1-B585-3521B6A8E83F}.Release|x64.Deploy.0 = Release|iPhone
		{6BC65969-50B2-40F1-B585-3521B6A8E83F}.Release|x86.ActiveCfg = Release|iPhone
		{6BC65969-50B2-40F1-B585-3521B6A8E83F}.Release|x86.Build.0 = Release|iPhone
		{6BC65969-50B2-40F1-B585-3521B6A8E83F}.Release|x86.Deploy.0 = Release|iPhone
		{340197E1-F199-471C-A246-5572BC9C2833}.Ad-Hoc|Any CPU.ActiveCfg = Release|x86
		{340197E1-F199-471C-A246-5572BC9C2833}.Ad-Hoc|Any CPU.Build.0 = Release|x86
		{340197E1-F199-471C-A246-5572BC9C2833}.Ad-Hoc|Any CPU.Deploy.0 = Release|x86
		{340197E1-F199-471C-A246-5572BC9C2833}.Ad-Hoc|ARM.ActiveCfg = Release|ARM
		{340197E1-F199-471C-A246-5572BC9C2833}.Ad-Hoc|ARM.Build.0 = Release|ARM
		{340197E1-F199-471C-A246-5572BC9C2833}.Ad-Hoc|ARM.Deploy.0 = Release|ARM
		{340197E1-F199-471C-A246-5572BC9C2833}.Ad-Hoc|iPhone.ActiveCfg = Release|x86
		{340197E1-F199-471C-A246-5572BC9C2833}.Ad-Hoc|iPhone.Build.0 = Release|x86
		{340197E1-F199-471C-A246-5572BC9C2833}.Ad-Hoc|iPhone.Deploy.0 = Release|x86
		{340197E1-F199-471C-A246-5572BC9C2833}.Ad-Hoc|iPhoneSimulator.ActiveCfg = Release|x86
		{340197E1-F199-471C-A246-5572BC9C2833}.Ad-Hoc|iPhoneSimulator.Build.0 = Release|x86
		{340197E1-F199-471C-A246-5572BC9C2833}.Ad-Hoc|iPhoneSimulator.Deploy.0 = Release|x86
		{340197E1-F199-471C-A246-5572BC9C2833}.Ad-Hoc|x64.ActiveCfg = Release|x64
		{340197E1-F199-471C-A246-5572BC9C2833}.Ad-Hoc|x64.Build.0 = Release|x64
		{340197E1-F199-471C-A246-5572BC9C2833}.Ad-Hoc|x64.Deploy.0 = Release|x64
		{340197E1-F199-471C-A246-5572BC9C2833}.Ad-Hoc|x86.ActiveCfg = Release|x86
		{340197E1-F199-471C-A246-5572BC9C2833}.Ad-Hoc|x86.Build.0 = Release|x86
		{340197E1-F199-471C-A246-5572BC9C2833}.Ad-Hoc|x86.Deploy.0 = Release|x86
		{340197E1-F199-471C-A246-5572BC9C2833}.AppStore|Any CPU.ActiveCfg = Release|x86
		{340197E1-F199-471C-A246-5572BC9C2833}.AppStore|Any CPU.Build.0 = Release|x86
		{340197E1-F199-471C-A246-5572BC9C2833}.AppStore|Any CPU.Deploy.0 = Release|x86
		{340197E1-F199-471C-A246-5572BC9C2833}.AppStore|ARM.ActiveCfg = Release|ARM
		{340197E1-F199-471C-A246-5572BC9C2833}.AppStore|ARM.Build.0 = Release|ARM
		{340197E1-F199-471C-A246-5572BC9C2833}.AppStore|ARM.Deploy.0 = Release|ARM
		{340197E1-F199-471C-A246-5572BC9C2833}.AppStore|iPhone.ActiveCfg = Release|x86
		{340197E1-F199-471C-A246-5572BC9C2833}.AppStore|iPhone.Build.0 = Release|x86
		{340197E1-F199-471C-A246-5572BC9C2833}.AppStore|iPhone.Deploy.0 = Release|x86
		{340197E1-F199-471C-A246-5572BC9C2833}.AppStore|iPhoneSimulator.ActiveCfg = Release|x86
		{340197E1-F199-471C-A246-5572BC9C2833}.AppStore|iPhoneSimulator.Build.0 = Release|x86
		{340197E1-F199-471C-A246-5572BC9C2833}.AppStore|iPhoneSimulator.Deploy.0 = Release|x86
		{340197E1-F199-471C-A246-5572BC9C2833}.AppStore|x64.ActiveCfg = Release|x64
		{340197E1-F199-471C-A246-5572BC9C2833}.AppStore|x64.Build.0 = Release|x64
		{340197E1-F199-471C-A246-5572BC9C2833}.AppStore|x64.Deploy.0 = Release|x64
		{340197E1-F199-471C-A246-5572BC9C2833}.AppStore|x86.ActiveCfg = Release|x86
		{340197E1-F199-471C-A246-5572BC9C2833}.AppStore|x86.Build.0 = Release|x86
		{340197E1-F199-471C-A246-5572BC9C2833}.AppStore|x86.Deploy.0 = Release|x86
		{340197E1-F199-471C-A246-5572BC9C2833}.Debug|Any CPU.ActiveCfg = Debug|x86
		{340197E1-F199-471C-A246-5572BC9C2833}.Debug|Any CPU.Build.0 = Debug|x86
		{340197E1-F199-471C-A246-5572BC9C2833}.Debug|Any CPU.Deploy.0 = Debug|x86
		{340197E1-F199-471C-A246-5572BC9C2833}.Debug|ARM.ActiveCfg = Debug|ARM
		{340197E1-F199-471C-A246-5572BC9C2833}.Debug|ARM.Build.0 = Debug|ARM
		{340197E1-F199-471C-A246-5572BC9C2833}.Debug|ARM.Deploy.0 = Debug|ARM
		{340197E1-F199-471C-A246-5572BC9C2833}.Debug|iPhone.ActiveCfg = Debug|x86
		{340197E1-F199-471C-A246-5572BC9C2833}.Debug|iPhone.Build.0 = Debug|x86
		{340197E1-F199-471C-A246-5572BC9C2833}.Debug|iPhone.Deploy.0 = Debug|x86
		{340197E1-F199-471C-A246-5572BC9C2833}.Debug|iPhoneSimulator.ActiveCfg = Debug|x86
		{340197E1-F199-471C-A246-5572BC9C2833}.Debug|iPhoneSimulator.Build.0 = Debug|x86
		{340197E1-F199-471C-A246-5572BC9C2833}.Debug|iPhoneSimulator.Deploy.0 = Debug|x86
		{340197E1-F199-471C-A246-5572BC9C2833}.Debug|x64.ActiveCfg = Debug|x64
		{340197E1-F199-471C-A246-5572BC9C2833}.Debug|x64.Build.0 = Debug|x64
		{340197E1-F199-471C-A246-5572BC9C2833}.Debug|x64.Deploy.0 = Debug|x64
		{340197E1-F199-471C-A246-5572BC9C2833}.Debug|x86.ActiveCfg = Debug|x86
		{340197E1-F199-471C-A246-5572BC9C2833}.Debug|x86.Build.0 = Debug|x86
		{340197E1-F199-471C-A246-5572BC9C2833}.Debug|x86.Deploy.0 = Debug|x86
		{340197E1-F199-471C-A246-5572BC9C2833}.Release|Any CPU.ActiveCfg = Release|x86
		{340197E1-F199-471C-A246-5572BC9C2833}.Release|Any CPU.Build.0 = Release|x86
		{340197E1-F199-471C-A246-5572BC9C2833}.Release|Any CPU.Deploy.0 = Release|x86
		{340197E1-F199-471C-A246-5572BC9C2833}.Release|ARM.ActiveCfg = Release|ARM
		{340197E1-F199-471C-A246-5572BC9C2833}.Release|ARM.Build.0 = Release|ARM
		{340197E1-F199-471C-A246-5572BC9C2833}.Release|ARM.Deploy.0 = Release|ARM
		{340197E1-F199-471C-A246-5572BC9C2833}.Release|iPhone.ActiveCfg = Release|x86
		{340197E1-F199-471C-A246-5572BC9C2833}.Release|iPhone.Build.0 = Release|x86
		{340197E1-F199-471C-A246-5572BC9C2833}.Release|iPhone.Deploy.0 = Release|x86
		{340197E1-F199-471C-A246-5572BC9C2833}.Release|iPhoneSimulator.ActiveCfg = Release|x86
		{340197E1-F199-471C-A246-5572BC9C2833}.Release|iPhoneSimulator.Build.0 = Release|x86
		{340197E1-F199-471C-A246-5572BC9C2833}.Release|iPhoneSimulator.Deploy.0 = Release|x86
		{340197E1-F199-471C-A246-5572BC9C2833}.Release|x64.ActiveCfg = Release|x64
		{340197E1-F199-471C-A246-5572BC9C2833}.Release|x64.Build.0 = Release|x64
		{340197E1-F199-471C-A246-5572BC9C2833}.Release|x64.Deploy.0 = Release|x64
		{340197E1-F199-471C-A246-5572BC9C2833}.Release|x86.ActiveCfg = Release|x86
		{340197E1-F199-471C-A246-5572BC9C2833}.Release|x86.Build.0 = Release|x86
		{340197E1-F199-471C-A246-5572BC9C2833}.Release|x86.Deploy.0 = Release|x86
		{2480146D-1A72-4A3A-9F12-F4FA2527C62D}.Ad-Hoc|Any CPU.ActiveCfg = Debug|Any CPU
		{2480146D-1A72-4A3A-9F12-F4FA2527C62D}.Ad-Hoc|Any CPU.Build.0 = Debug|Any CPU
		{2480146D-1A72-4A3A-9F12-F4FA2527C62D}.Ad-Hoc|Any CPU.Deploy.0 = Debug|Any CPU
		{2480146D-1A72-4A3A-9F12-F4FA2527C62D}.Ad-Hoc|ARM.ActiveCfg = Debug|Any CPU
		{2480146D-1A72-4A3A-9F12-F4FA2527C62D}.Ad-Hoc|ARM.Build.0 = Debug|Any CPU
		{2480146D-1A72-4A3A-9F12-F4FA2527C62D}.Ad-Hoc|ARM.Deploy.0 = Debug|Any CPU
		{2480146D-1A72-4A3A-9F12-F4FA2527C62D}.Ad-Hoc|iPhone.ActiveCfg = Debug|Any CPU
		{2480146D-1A72-4A3A-9F12-F4FA2527C62D}.Ad-Hoc|iPhone.Build.0 = Debug|Any CPU
		{2480146D-1A72-4A3A-9F12-F4FA2527C62D}.Ad-Hoc|iPhone.Deploy.0 = Debug|Any CPU
		{2480146D-1A72-4A3A-9F12-F4FA2527C62D}.Ad-Hoc|iPhoneSimulator.ActiveCfg = Debug|Any CPU
		{2480146D-1A72-4A3A-9F12-F4FA2527C62D}.Ad-Hoc|iPhoneSimulator.Build.0 = Debug|Any CPU
		{2480146D-1A72-4A3A-9F12-F4FA2527C62D}.Ad-Hoc|iPhoneSimulator.Deploy.0 = Debug|Any CPU
		{2480146D-1A72-4A3A-9F12-F4FA2527C62D}.Ad-Hoc|x64.ActiveCfg = Debug|Any CPU
		{2480146D-1A72-4A3A-9F12-F4FA2527C62D}.Ad-Hoc|x64.Build.0 = Debug|Any CPU
		{2480146D-1A72-4A3A-9F12-F4FA2527C62D}.Ad-Hoc|x64.Deploy.0 = Debug|Any CPU
		{2480146D-1A72-4A3A-9F12-F4FA2527C62D}.Ad-Hoc|x86.ActiveCfg = Debug|Any CPU
		{2480146D-1A72-4A3A-9F12-F4FA2527C62D}.Ad-Hoc|x86.Build.0 = Debug|Any CPU
		{2480146D-1A72-4A3A-9F12-F4FA2527C62D}.Ad-Hoc|x86.Deploy.0 = Debug|Any CPU
		{2480146D-1A72-4A3A-9F12-F4FA2527C62D}.AppStore|Any CPU.ActiveCfg = Debug|Any CPU
		{2480146D-1A72-4A3A-9F12-F4FA2527C62D}.AppStore|Any CPU.Build.0 = Debug|Any CPU
		{2480146D-1A72-4A3A-9F12-F4FA2527C62D}.AppStore|Any CPU.Deploy.0 = Debug|Any CPU
		{2480146D-1A72-4A3A-9F12-F4FA2527C62D}.AppStore|ARM.ActiveCfg = Debug|Any CPU
		{2480146D-1A72-4A3A-9F12-F4FA2527C62D}.AppStore|ARM.Build.0 = Debug|Any CPU
		{2480146D-1A72-4A3A-9F12-F4FA2527C62D}.AppStore|ARM.Deploy.0 = Debug|Any CPU
		{2480146D-1A72-4A3A-9F12-F4FA2527C62D}.AppStore|iPhone.ActiveCfg = Debug|Any CPU
		{2480146D-1A72-4A3A-9F12-F4FA2527C62D}.AppStore|iPhone.Build.0 = Debug|Any CPU
		{2480146D-1A72-4A3A-9F12-F4FA2527C62D}.AppStore|iPhone.Deploy.0 = Debug|Any CPU
		{2480146D-1A72-4A3A-9F12-F4FA2527C62D}.AppStore|iPhoneSimulator.ActiveCfg = Debug|Any CPU
		{2480146D-1A72-4A3A-9F12-F4FA2527C62D}.AppStore|iPhoneSimulator.Build.0 = Debug|Any CPU
		{2480146D-1A72-4A3A-9F12-F4FA2527C62D}.AppStore|iPhoneSimulator.Deploy.0 = Debug|Any CPU
		{2480146D-1A72-4A3A-9F12-F4FA2527C62D}.AppStore|x64.ActiveCfg = Debug|Any CPU
		{2480146D-1A72-4A3A-9F12-F4FA2527C62D}.AppStore|x64.Build.0 = Debug|Any CPU
		{2480146D-1A72-4A3A-9F12-F4FA2527C62D}.AppStore|x64.Deploy.0 = Debug|Any CPU
		{2480146D-1A72-4A3A-9F12-F4FA2527C62D}.AppStore|x86.ActiveCfg = Debug|Any CPU
		{2480146D-1A72-4A3A-9F12-F4FA2527C62D}.AppStore|x86.Build.0 = Debug|Any CPU
		{2480146D-1A72-4A3A-9F12-F4FA2527C62D}.AppStore|x86.Deploy.0 = Debug|Any CPU
		{2480146D-1A72-4A3A-9F12-F4FA2527C62D}.Debug|Any CPU.ActiveCfg = Debug|Any CPU
		{2480146D-1A72-4A3A-9F12-F4FA2527C62D}.Debug|Any CPU.Build.0 = Debug|Any CPU
		{2480146D-1A72-4A3A-9F12-F4FA2527C62D}.Debug|Any CPU.Deploy.0 = Debug|Any CPU
		{2480146D-1A72-4A3A-9F12-F4FA2527C62D}.Debug|ARM.ActiveCfg = Debug|Any CPU
		{2480146D-1A72-4A3A-9F12-F4FA2527C62D}.Debug|ARM.Build.0 = Debug|Any CPU
		{2480146D-1A72-4A3A-9F12-F4FA2527C62D}.Debug|ARM.Deploy.0 = Debug|Any CPU
		{2480146D-1A72-4A3A-9F12-F4FA2527C62D}.Debug|iPhone.ActiveCfg = Debug|Any CPU
		{2480146D-1A72-4A3A-9F12-F4FA2527C62D}.Debug|iPhone.Build.0 = Debug|Any CPU
		{2480146D-1A72-4A3A-9F12-F4FA2527C62D}.Debug|iPhone.Deploy.0 = Debug|Any CPU
		{2480146D-1A72-4A3A-9F12-F4FA2527C62D}.Debug|iPhoneSimulator.ActiveCfg = Debug|Any CPU
		{2480146D-1A72-4A3A-9F12-F4FA2527C62D}.Debug|iPhoneSimulator.Build.0 = Debug|Any CPU
		{2480146D-1A72-4A3A-9F12-F4FA2527C62D}.Debug|iPhoneSimulator.Deploy.0 = Debug|Any CPU
		{2480146D-1A72-4A3A-9F12-F4FA2527C62D}.Debug|x64.ActiveCfg = Debug|Any CPU
		{2480146D-1A72-4A3A-9F12-F4FA2527C62D}.Debug|x64.Build.0 = Debug|Any CPU
		{2480146D-1A72-4A3A-9F12-F4FA2527C62D}.Debug|x64.Deploy.0 = Debug|Any CPU
		{2480146D-1A72-4A3A-9F12-F4FA2527C62D}.Debug|x86.ActiveCfg = Debug|Any CPU
		{2480146D-1A72-4A3A-9F12-F4FA2527C62D}.Debug|x86.Build.0 = Debug|Any CPU
		{2480146D-1A72-4A3A-9F12-F4FA2527C62D}.Debug|x86.Deploy.0 = Debug|Any CPU
		{2480146D-1A72-4A3A-9F12-F4FA2527C62D}.Release|Any CPU.ActiveCfg = Release|Any CPU
		{2480146D-1A72-4A3A-9F12-F4FA2527C62D}.Release|Any CPU.Build.0 = Release|Any CPU
		{2480146D-1A72-4A3A-9F12-F4FA2527C62D}.Release|Any CPU.Deploy.0 = Release|Any CPU
		{2480146D-1A72-4A3A-9F12-F4FA2527C62D}.Release|ARM.ActiveCfg = Release|Any CPU
		{2480146D-1A72-4A3A-9F12-F4FA2527C62D}.Release|ARM.Build.0 = Release|Any CPU
		{2480146D-1A72-4A3A-9F12-F4FA2527C62D}.Release|ARM.Deploy.0 = Release|Any CPU
		{2480146D-1A72-4A3A-9F12-F4FA2527C62D}.Release|iPhone.ActiveCfg = Release|Any CPU
		{2480146D-1A72-4A3A-9F12-F4FA2527C62D}.Release|iPhone.Build.0 = Release|Any CPU
		{2480146D-1A72-4A3A-9F12-F4FA2527C62D}.Release|iPhone.Deploy.0 = Release|Any CPU
		{2480146D-1A72-4A3A-9F12-F4FA2527C62D}.Release|iPhoneSimulator.ActiveCfg = Release|Any CPU
		{2480146D-1A72-4A3A-9F12-F4FA2527C62D}.Release|iPhoneSimulator.Build.0 = Release|Any CPU
		{2480146D-1A72-4A3A-9F12-F4FA2527C62D}.Release|iPhoneSimulator.Deploy.0 = Release|Any CPU
		{2480146D-1A72-4A3A-9F12-F4FA2527C62D}.Release|x64.ActiveCfg = Release|Any CPU
		{2480146D-1A72-4A3A-9F12-F4FA2527C62D}.Release|x64.Build.0 = Release|Any CPU
		{2480146D-1A72-4A3A-9F12-F4FA2527C62D}.Release|x64.Deploy.0 = Release|Any CPU
		{2480146D-1A72-4A3A-9F12-F4FA2527C62D}.Release|x86.ActiveCfg = Release|Any CPU
		{2480146D-1A72-4A3A-9F12-F4FA2527C62D}.Release|x86.Build.0 = Release|Any CPU
		{2480146D-1A72-4A3A-9F12-F4FA2527C62D}.Release|x86.Deploy.0 = Release|Any CPU
	EndGlobalSection
	GlobalSection(SolutionProperties) = preSolution
		HideSolutionNode = FALSE
	EndGlobalSection
	GlobalSection(ExtensibilityGlobals) = postSolution
		SolutionGuid = {7A932939-1872-42F8-ABC0-ED9BAEBC6E9F}
	EndGlobalSection
EndGlobal
